# This file is autogenerated, do not edit; changes may be undone by the next 'dep ensure'.


[[projects]]
  branch = "master"
  digest = "1:22317de08eb72b9774d00ef86d6d1ffbbab996695f242698f13dd0f69f8bef3c"
  name = "github.com/barnslig/torture"
  packages = ["lib/elastic"]
  pruneopts = "UT"
  revision = "5c8ea74992e991a573733162848f591909aa7315"

[[projects]]
  digest = "1:41e9d382d83461dc13df40d20acd575b2adabb81f61b1aff96ea661c1399b564"
  name = "github.com/jlaffaye/ftp"
  packages = ["."]
  pruneopts = "UT"
  revision = "299b7ff5b6096588cceca2edc1fc9f557002fb85"

[[projects]]
  digest = "1:421f05fbc5c0c6d1660ac4aaf4a4acf5c66fe2a16473631b340fd6524a44b66e"
  name = "github.com/temoto/robotstxt"
  packages = ["."]
  pruneopts = "UT"
  revision = "9e4646fa705336d5b2fa9dddfafbe0a1a965acd7"

[[projects]]
  digest = "1:f5f18cb8b3d01ab31615218fa06c1c7d4f5b80556e66b2adcc6b6f0c09c92101"
  name = "golang.org/x/net"
  packages = [
    "html",
    "html/atom",
  ]
  pruneopts = "UT"
  revision = "d866cfc389cec985d6fda2859936a575a55a3ab6"

[solve-meta]
  analyzer-name = "dep"
  analyzer-version = 1
  input-imports = [
    "github.com/barnslig/torture/lib/elastic",
    "github.com/jlaffaye/ftp",
    "github.com/temoto/robotstxt",
    "golang.org/x/net/html",
  ]
  solver-name = "gps-cdcl"
  solver-version = 1
